// !$*UTF8*$!
{
	archiveVersion = 1;
	classes = {
	};
	objectVersion = 56;
	objects = {

/* Begin PBXBuildFile section */
		09152E8F4B78DF08B6DCAC87 /* MonthCalendarView.swift in Sources */ = {isa = PBXBuildFile; fileRef = 340292EDF0ADFC362B3B3AE0 /* MonthCalendarView.swift */; };
		3DCAB0572E8E6A6D000DB6B9 /* NavigationState.swift in Sources */ = {isa = PBXBuildFile; fileRef = 3DCAB0562E8E6A6D000DB6B9 /* NavigationState.swift */; };
		3DCAB0582E8E6A6D000DB6B9 /* NavigationItem.swift in Sources */ = {isa = PBXBuildFile; fileRef = 3DCAB0552E8E6A6D000DB6B9 /* NavigationItem.swift */; };
		3DCAB05B2E8E6A7D000DB6B9 /* AppearanceAdapter.swift in Sources */ = {isa = PBXBuildFile; fileRef = 3DCAB0592E8E6A7D000DB6B9 /* AppearanceAdapter.swift */; };
		3DCAB05C2E8E6A7D000DB6B9 /* HapticManager.swift in Sources */ = {isa = PBXBuildFile; fileRef = 3DCAB05A2E8E6A7D000DB6B9 /* HapticManager.swift */; };
		3DCAB0622E8E6B08000DB6B9 /* Color+AppColors.swift in Sources */ = {isa = PBXBuildFile; fileRef = 3DCAB05F2E8E6B08000DB6B9 /* Color+AppColors.swift */; };
		3DCAB0632E8E6B08000DB6B9 /* View+Haptics.swift in Sources */ = {isa = PBXBuildFile; fileRef = 3DCAB0602E8E6B08000DB6B9 /* View+Haptics.swift */; };
		3DCAB0662E8E6B1B000DB6B9 /* NavigationBarStyle.swift in Sources */ = {isa = PBXBuildFile; fileRef = 3DCAB0642E8E6B1B000DB6B9 /* NavigationBarStyle.swift */; };
		4669A8B6E034A9C1AA1FE000 /* EventCardView.swift in Sources */ = {isa = PBXBuildFile; fileRef = 11F4EA0F47F1EF449725CA88 /* EventCardView.swift */; };
		A1000001000000000000001 /* IdeaBoxApp.swift in Sources */ = {isa = PBXBuildFile; fileRef = A1000002000000000000001 /* IdeaBoxApp.swift */; };
		A1000003000000000000001 /* ContentView.swift in Sources */ = {isa = PBXBuildFile; fileRef = A1000004000000000000001 /* ContentView.swift */; };
		A1000005000000000000001 /* EventItem.swift in Sources */ = {isa = PBXBuildFile; fileRef = A1000006000000000000001 /* EventItem.swift */; };
		A1000007000000000000001 /* DayItem.swift in Sources */ = {isa = PBXBuildFile; fileRef = A1000008000000000000001 /* DayItem.swift */; };
		A1000008100000000000001 /* WeekData.swift in Sources */ = {isa = PBXBuildFile; fileRef = A1000008200000000000001 /* WeekData.swift */; };
		A1000009000000000000001 /* WeekCalendarView.swift in Sources */ = {isa = PBXBuildFile; fileRef = A1000010000000000000001 /* WeekCalendarView.swift */; };
		A1000015000000000000001 /* BottomNavigationBar.swift in Sources */ = {isa = PBXBuildFile; fileRef = A1000016000000000000001 /* BottomNavigationBar.swift */; };
		A1000017000000000000001 /* DateHelper.swift in Sources */ = {isa = PBXBuildFile; fileRef = A1000018000000000000001 /* DateHelper.swift */; };
/* End PBXBuildFile section */

/* Begin PBXFileReference section */
		11F4EA0F47F1EF449725CA88 /* EventCardView.swift */ = {isa = PBXFileReference; includeInIndex = 1; lastKnownFileType = sourcecode.swift; path = EventCardView.swift; sourceTree = "<group>"; };
		340292EDF0ADFC362B3B3AE0 /* MonthCalendarView.swift */ = {isa = PBXFileReference; includeInIndex = 1; lastKnownFileType = sourcecode.swift; path = MonthCalendarView.swift; sourceTree = "<group>"; };
		3DCAB0552E8E6A6D000DB6B9 /* NavigationItem.swift */ = {isa = PBXFileReference; lastKnownFileType = sourcecode.swift; path = NavigationItem.swift; sourceTree = "<group>"; };
		3DCAB0562E8E6A6D000DB6B9 /* NavigationState.swift */ = {isa = PBXFileReference; lastKnownFileType = sourcecode.swift; path = NavigationState.swift; sourceTree = "<group>"; };
		3DCAB0592E8E6A7D000DB6B9 /* AppearanceAdapter.swift */ = {isa = PBXFileReference; lastKnownFileType = sourcecode.swift; path = AppearanceAdapter.swift; sourceTree = "<group>"; };
		3DCAB05A2E8E6A7D000DB6B9 /* HapticManager.swift */ = {isa = PBXFileReference; lastKnownFileType = sourcecode.swift; path = HapticManager.swift; sourceTree = "<group>"; };
		3DCAB05F2E8E6B08000DB6B9 /* Color+AppColors.swift */ = {isa = PBXFileReference; lastKnownFileType = sourcecode.swift; path = "Color+AppColors.swift"; sourceTree = "<group>"; };
		3DCAB0602E8E6B08000DB6B9 /* View+Haptics.swift */ = {isa = PBXFileReference; lastKnownFileType = sourcecode.swift; path = "View+Haptics.swift"; sourceTree = "<group>"; };
		3DCAB0642E8E6B1B000DB6B9 /* NavigationBarStyle.swift */ = {isa = PBXFileReference; lastKnownFileType = sourcecode.swift; path = NavigationBarStyle.swift; sourceTree = "<group>"; };
		A1000002000000000000001 /* IdeaBoxApp.swift */ = {isa = PBXFileReference; lastKnownFileType = sourcecode.swift; path = IdeaBoxApp.swift; sourceTree = "<group>"; };
		A1000004000000000000001 /* ContentView.swift */ = {isa = PBXFileReference; lastKnownFileType = sourcecode.swift; path = ContentView.swift; sourceTree = "<group>"; };
		A1000006000000000000001 /* EventItem.swift */ = {isa = PBXFileReference; lastKnownFileType = sourcecode.swift; path = EventItem.swift; sourceTree = "<group>"; };
		A1000008000000000000001 /* DayItem.swift */ = {isa = PBXFileReference; lastKnownFileType = sourcecode.swift; path = DayItem.swift; sourceTree = "<group>"; };
		A1000008200000000000001 /* WeekData.swift */ = {isa = PBXFileReference; lastKnownFileType = sourcecode.swift; path = WeekData.swift; sourceTree = "<group>"; };
		A1000010000000000000001 /* WeekCalendarView.swift */ = {isa = PBXFileReference; lastKnownFileType = sourcecode.swift; path = WeekCalendarView.swift; sourceTree = "<group>"; };
		A1000016000000000000001 /* BottomNavigationBar.swift */ = {isa = PBXFileReference; lastKnownFileType = sourcecode.swift; path = BottomNavigationBar.swift; sourceTree = "<group>"; };
		A1000018000000000000001 /* DateHelper.swift */ = {isa = PBXFileReference; lastKnownFileType = sourcecode.swift; path = DateHelper.swift; sourceTree = "<group>"; };
		A1000020000000000000001 /* 收藏日历.app */ = {isa = PBXFileReference; explicitFileType = wrapper.application; includeInIndex = 0; path = "收藏日历.app"; sourceTree = BUILT_PRODUCTS_DIR; };
		A1000030000000000000001 /* Info.plist */ = {isa = PBXFileReference; lastKnownFileType = text.plist.xml; path = Info.plist; sourceTree = "<group>"; };
/* End PBXFileReference section */

/* Begin PBXFrameworksBuildPhase section */
		A1000040000000000000001 /* Frameworks */ = {
			isa = PBXFrameworksBuildPhase;
			buildActionMask = 2147483647;
			files = (
			);
			runOnlyForDeploymentPostprocessing = 0;
		};
/* End PBXFrameworksBuildPhase section */

/* Begin PBXGroup section */
		3DCAB0612E8E6B08000DB6B9 /* Extensions */ = {
			isa = PBXGroup;
			children = (
				3DCAB05F2E8E6B08000DB6B9 /* Color+AppColors.swift */,
				3DCAB0602E8E6B08000DB6B9 /* View+Haptics.swift */,
			);
			path = Extensions;
			sourceTree = "<group>";
		};
		3DCAB0652E8E6B1B000DB6B9 /* Navigation */ = {
			isa = PBXGroup;
			children = (
				3DCAB0642E8E6B1B000DB6B9 /* NavigationBarStyle.swift */,
			);
			path = Navigation;
			sourceTree = "<group>";
		};
		A1000050000000000000001 = {
			isa = PBXGroup;
			children = (
				A1000060000000000000001 /* IdeaBox */,
				A1000070000000000000001 /* Products */,
			);
			sourceTree = "<group>";
		};
		A1000060000000000000001 /* IdeaBox */ = {
			isa = PBXGroup;
			children = (
				3DCAB0612E8E6B08000DB6B9 /* Extensions */,
				A1000002000000000000001 /* IdeaBoxApp.swift */,
				A1000004000000000000001 /* ContentView.swift */,
				A1000080000000000000001 /* Models */,
				A1000090000000000000001 /* Views */,
				A1000095000000000000001 /* Helpers */,
				A1000030000000000000001 /* Info.plist */,
			);
			path = IdeaBox;
			sourceTree = "<group>";
		};
		A1000070000000000000001 /* Products */ = {
			isa = PBXGroup;
			children = (
				A1000020000000000000001 /* 收藏日历.app */,
			);
			name = Products;
			sourceTree = "<group>";
		};
		A1000080000000000000001 /* Models */ = {
			isa = PBXGroup;
			children = (
				3DCAB0552E8E6A6D000DB6B9 /* NavigationItem.swift */,
				3DCAB0562E8E6A6D000DB6B9 /* NavigationState.swift */,
				A1000006000000000000001 /* EventItem.swift */,
				A1000008000000000000001 /* DayItem.swift */,
				A1000008200000000000001 /* WeekData.swift */,
			);
			path = Models;
			sourceTree = "<group>";
		};
		A1000090000000000000001 /* Views */ = {
			isa = PBXGroup;
			children = (
				3DCAB0652E8E6B1B000DB6B9 /* Navigation */,
				A1000010000000000000001 /* WeekCalendarView.swift */,
				A1000016000000000000001 /* BottomNavigationBar.swift */,
				340292EDF0ADFC362B3B3AE0 /* MonthCalendarView.swift */,
				11F4EA0F47F1EF449725CA88 /* EventCardView.swift */,
			);
			path = Views;
			sourceTree = "<group>";
		};
		A1000095000000000000001 /* Helpers */ = {
			isa = PBXGroup;
			children = (
				3DCAB0592E8E6A7D000DB6B9 /* AppearanceAdapter.swift */,
				3DCAB05A2E8E6A7D000DB6B9 /* HapticManager.swift */,
				A1000018000000000000001 /* DateHelper.swift */,
			);
			path = Helpers;
			sourceTree = "<group>";
		};
/* End PBXGroup section */

/* Begin PBXNativeTarget section */
		A1000100000000000000001 /* IdeaBox */ = {
			isa = PBXNativeTarget;
			buildConfigurationList = A1000110000000000000001 /* Build configuration list for PBXNativeTarget "IdeaBox" */;
			buildPhases = (
				A1000120000000000000001 /* Sources */,
				A1000040000000000000001 /* Frameworks */,
				A1000130000000000000001 /* Resources */,
			);
			buildRules = (
			);
			dependencies = (
			);
			name = IdeaBox;
			productName = IdeaBox;
			productReference = A1000020000000000000001 /* 收藏日历.app */;
			productType = "com.apple.product-type.application";
		};
/* End PBXNativeTarget section */

/* Begin PBXProject section */
		A1000140000000000000001 /* Project object */ = {
			isa = PBXProject;
			attributes = {
				BuildIndependentTargetsInParallel = 1;
				LastSwiftUpdateCheck = 1500;
				LastUpgradeCheck = 2600;
				TargetAttributes = {
					A1000100000000000000001 = {
						CreatedOnToolsVersion = 15.0;
					};
				};
			};
			buildConfigurationList = A1000150000000000000001 /* Build configuration list for PBXProject "IdeaBox" */;
			compatibilityVersion = "Xcode 14.0";
			developmentRegion = "zh-Hans";
			hasScannedForEncodings = 0;
			knownRegions = (
				"zh-Hans",
				Base,
			);
			mainGroup = A1000050000000000000001;
			productRefGroup = A1000070000000000000001 /* Products */;
			projectDirPath = "";
			projectRoot = "";
			targets = (
				A1000100000000000000001 /* IdeaBox */,
			);
		};
/* End PBXProject section */

/* Begin PBXResourcesBuildPhase section */
		A1000130000000000000001 /* Resources */ = {
			isa = PBXResourcesBuildPhase;
			buildActionMask = 2147483647;
			files = (
			);
			runOnlyForDeploymentPostprocessing = 0;
		};
/* End PBXResourcesBuildPhase section */

/* Begin PBXSourcesBuildPhase section */
		A1000120000000000000001 /* Sources */ = {
			isa = PBXSourcesBuildPhase;
			buildActionMask = 2147483647;
			files = (
				A1000001000000000000001 /* IdeaBoxApp.swift in Sources */,
				3DCAB0572E8E6A6D000DB6B9 /* NavigationState.swift in Sources */,
				3DCAB0582E8E6A6D000DB6B9 /* NavigationItem.swift in Sources */,
				A1000003000000000000001 /* ContentView.swift in Sources */,
				3DCAB05B2E8E6A7D000DB6B9 /* AppearanceAdapter.swift in Sources */,
				3DCAB0662E8E6B1B000DB6B9 /* NavigationBarStyle.swift in Sources */,
				3DCAB05C2E8E6A7D000DB6B9 /* HapticManager.swift in Sources */,
				A1000005000000000000001 /* EventItem.swift in Sources */,
				A1000007000000000000001 /* DayItem.swift in Sources */,
				A1000008100000000000001 /* WeekData.swift in Sources */,
				A1000009000000000000001 /* WeekCalendarView.swift in Sources */,
				3DCAB0622E8E6B08000DB6B9 /* Color+AppColors.swift in Sources */,
				3DCAB0632E8E6B08000DB6B9 /* View+Haptics.swift in Sources */,
				A1000015000000000000001 /* BottomNavigationBar.swift in Sources */,
				A1000017000000000000001 /* DateHelper.swift in Sources */,
				09152E8F4B78DF08B6DCAC87 /* MonthCalendarView.swift in Sources */,
				4669A8B6E034A9C1AA1FE000 /* EventCardView.swift in Sources */,
			);
			runOnlyForDeploymentPostprocessing = 0;
		};
/* End PBXSourcesBuildPhase section */

/* Begin XCBuildConfiguration section */
		A1000160000000000000001 /* Debug */ = {
			isa = XCBuildConfiguration;
			buildSettings = {
				ALWAYS_SEARCH_USER_PATHS = NO;
				ASSETCATALOG_COMPILER_GENERATE_SWIFT_ASSET_SYMBOL_EXTENSIONS = YES;
				CLANG_ANALYZER_NONNULL = YES;
				CLANG_ANALYZER_NUMBER_OBJECT_CONVERSION = YES_AGGRESSIVE;
				CLANG_CXX_LANGUAGE_STANDARD = "gnu++20";
				CLANG_ENABLE_MODULES = YES;
				CLANG_ENABLE_OBJC_ARC = YES;
				CLANG_ENABLE_OBJC_WEAK = YES;
				CLANG_WARN_BLOCK_CAPTURE_AUTORELEASING = YES;
				CLANG_WARN_BOOL_CONVERSION = YES;
				CLANG_WARN_COMMA = YES;
				CLANG_WARN_CONSTANT_CONVERSION = YES;
				CLANG_WARN_DEPRECATED_OBJC_IMPLEMENTATIONS = YES;
				CLANG_WARN_DIRECT_OBJC_ISA_USAGE = YES_ERROR;
				CLANG_WARN_DOCUMENTATION_COMMENTS = YES;
				CLANG_WARN_EMPTY_BODY = YES;
				CLANG_WARN_ENUM_CONVERSION = YES;
				CLANG_WARN_INFINITE_RECURSION = YES;
				CLANG_WARN_INT_CONVERSION = YES;
				CLANG_WARN_NON_LITERAL_NULL_CONVERSION = YES;
				CLANG_WARN_OBJC_IMPLICIT_RETAIN_SELF = YES;
				CLANG_WARN_OBJC_LITERAL_CONVERSION = YES;
				CLANG_WARN_OBJC_ROOT_CLASS = YES_ERROR;
				CLANG_WARN_QUOTED_INCLUDE_IN_FRAMEWORK_HEADER = YES;
				CLANG_WARN_RANGE_LOOP_ANALYSIS = YES;
				CLANG_WARN_STRICT_PROTOTYPES = YES;
				CLANG_WARN_SUSPICIOUS_MOVE = YES;
				CLANG_WARN_UNGUARDED_AVAILABILITY = YES_AGGRESSIVE;
				CLANG_WARN_UNREACHABLE_CODE = YES;
				CLANG_WARN__DUPLICATE_METHOD_MATCH = YES;
				COPY_PHASE_STRIP = NO;
				DEBUG_INFORMATION_FORMAT = dwarf;
				DEVELOPMENT_TEAM = A55DF2DMW9;
				ENABLE_STRICT_OBJC_MSGSEND = YES;
				ENABLE_TESTABILITY = YES;
				ENABLE_USER_SCRIPT_SANDBOXING = YES;
				GCC_C_LANGUAGE_STANDARD = gnu17;
				GCC_DYNAMIC_NO_PIC = NO;
				GCC_NO_COMMON_BLOCKS = YES;
				GCC_OPTIMIZATION_LEVEL = 0;
				GCC_PREPROCESSOR_DEFINITIONS = (
					"DEBUG=1",
					"$(inherited)",
				);
				GCC_WARN_64_TO_32_BIT_CONVERSION = YES;
				GCC_WARN_ABOUT_RETURN_TYPE = YES_ERROR;
				GCC_WARN_UNDECLARED_SELECTOR = YES;
				GCC_WARN_UNINITIALIZED_AUTOS = YES_AGGRESSIVE;
				GCC_WARN_UNUSED_FUNCTION = YES;
				GCC_WARN_UNUSED_VARIABLE = YES;
				IPHONEOS_DEPLOYMENT_TARGET = 15.0;
				LOCALIZATION_PREFERS_STRING_CATALOGS = YES;
				MTL_ENABLE_DEBUG_INFO = INCLUDE_SOURCE;
				MTL_FAST_MATH = YES;
				ONLY_ACTIVE_ARCH = YES;
				SDKROOT = iphoneos;
				STRING_CATALOG_GENERATE_SYMBOLS = YES;
				SWIFT_ACTIVE_COMPILATION_CONDITIONS = "DEBUG $(inherited)";
				SWIFT_OPTIMIZATION_LEVEL = "-Onone";
			};
			name = Debug;
		};
		A1000170000000000000001 /* Release */ = {
			isa = XCBuildConfiguration;
			buildSettings = {
				ALWAYS_SEARCH_USER_PATHS = NO;
				ASSETCATALOG_COMPILER_GENERATE_SWIFT_ASSET_SYMBOL_EXTENSIONS = YES;
				CLANG_ANALYZER_NONNULL = YES;
				CLANG_ANALYZER_NUMBER_OBJECT_CONVERSION = YES_AGGRESSIVE;
				CLANG_CXX_LANGUAGE_STANDARD = "gnu++20";
				CLANG_ENABLE_MODULES = YES;
				CLANG_ENABLE_OBJC_ARC = YES;
				CLANG_ENABLE_OBJC_WEAK = YES;
				CLANG_WARN_BLOCK_CAPTURE_AUTORELEASING = YES;
				CLANG_WARN_BOOL_CONVERSION = YES;
				CLANG_WARN_COMMA = YES;
				CLANG_WARN_CONSTANT_CONVERSION = YES;
				CLANG_WARN_DEPRECATED_OBJC_IMPLEMENTATIONS = YES;
				CLANG_WARN_DIRECT_OBJC_ISA_USAGE = YES_ERROR;
				CLANG_WARN_DOCUMENTATION_COMMENTS = YES;
				CLANG_WARN_EMPTY_BODY = YES;
				CLANG_WARN_ENUM_CONVERSION = YES;
				CLANG_WARN_INFINITE_RECURSION = YES;
				CLANG_WARN_INT_CONVERSION = YES;
				CLANG_WARN_NON_LITERAL_NULL_CONVERSION = YES;
				CLANG_WARN_OBJC_IMPLICIT_RETAIN_SELF = YES;
				CLANG_WARN_OBJC_LITERAL_CONVERSION = YES;
				CLANG_WARN_OBJC_ROOT_CLASS = YES_ERROR;
				CLANG_WARN_QUOTED_INCLUDE_IN_FRAMEWORK_HEADER = YES;
				CLANG_WARN_RANGE_LOOP_ANALYSIS = YES;
				CLANG_WARN_STRICT_PROTOTYPES = YES;
				CLANG_WARN_SUSPICIOUS_MOVE = YES;
				CLANG_WARN_UNGUARDED_AVAILABILITY = YES_AGGRESSIVE;
				CLANG_WARN_UNREACHABLE_CODE = YES;
				CLANG_WARN__DUPLICATE_METHOD_MATCH = YES;
				COPY_PHASE_STRIP = NO;
				DEBUG_INFORMATION_FORMAT = "dwarf-with-dsym";
				DEVELOPMENT_TEAM = A55DF2DMW9;
				ENABLE_NS_ASSERTIONS = NO;
				ENABLE_STRICT_OBJC_MSGSEND = YES;
				ENABLE_USER_SCRIPT_SANDBOXING = YES;
				GCC_C_LANGUAGE_STANDARD = gnu17;
				GCC_NO_COMMON_BLOCKS = YES;
				GCC_WARN_64_TO_32_BIT_CONVERSION = YES;
				GCC_WARN_ABOUT_RETURN_TYPE = YES_ERROR;
				GCC_WARN_UNDECLARED_SELECTOR = YES;
				GCC_WARN_UNINITIALIZED_AUTOS = YES_AGGRESSIVE;
				GCC_WARN_UNUSED_FUNCTION = YES;
				GCC_WARN_UNUSED_VARIABLE = YES;
				IPHONEOS_DEPLOYMENT_TARGET = 15.0;
				LOCALIZATION_PREFERS_STRING_CATALOGS = YES;
				MTL_ENABLE_DEBUG_INFO = NO;
				MTL_FAST_MATH = YES;
				SDKROOT = iphoneos;
				STRING_CATALOG_GENERATE_SYMBOLS = YES;
				SWIFT_COMPILATION_MODE = wholemodule;
				VALIDATE_PRODUCT = YES;
			};
			name = Release;
		};
		A1000180000000000000001 /* Debug */ = {
			isa = XCBuildConfiguration;
			buildSettings = {
				ASSETCATALOG_COMPILER_APPICON_NAME = AppIcon;
				ASSETCATALOG_COMPILER_GLOBAL_ACCENT_COLOR_NAME = AccentColor;
				CODE_SIGN_STYLE = Automatic;
				CURRENT_PROJECT_VERSION = 1;
				ENABLE_PREVIEWS = YES;
				GENERATE_INFOPLIST_FILE = NO;
				INFOPLIST_FILE = IdeaBox/Info.plist;
				INFOPLIST_KEY_UIApplicationSceneManifest_Generation = YES;
				INFOPLIST_KEY_UIApplicationSupportsIndirectInputEvents = YES;
				INFOPLIST_KEY_UILaunchScreen_Generation = YES;
				INFOPLIST_KEY_UISupportedInterfaceOrientations = UIInterfaceOrientationPortrait;
				INFOPLIST_KEY_UISupportedInterfaceOrientations_iPad = "UIInterfaceOrientationPortrait UIInterfaceOrientationPortraitUpsideDown UIInterfaceOrientationLandscapeLeft UIInterfaceOrientationLandscapeRight";
				IPHONEOS_DEPLOYMENT_TARGET = 26.0;
				LD_RUNPATH_SEARCH_PATHS = (
					"$(inherited)",
					"@executable_path/Frameworks",
				);
				MARKETING_VERSION = 1.0;
				PRODUCT_BUNDLE_IDENTIFIER = com.ideabox.app;
				PRODUCT_NAME = "收藏日历";
				SWIFT_EMIT_LOC_STRINGS = YES;
				SWIFT_VERSION = 5.9;
				TARGETED_DEVICE_FAMILY = "1,2";
			};
			name = Debug;
		};
		A1000190000000000000001 /* Release */ = {
			isa = XCBuildConfiguration;
			buildSettings = {
				ASSETCATALOG_COMPILER_APPICON_NAME = AppIcon;
				ASSETCATALOG_COMPILER_GLOBAL_ACCENT_COLOR_NAME = AccentColor;
				CODE_SIGN_STYLE = Automatic;
				CURRENT_PROJECT_VERSION = 1;
				ENABLE_PREVIEWS = YES;
				GENERATE_INFOPLIST_FILE = NO;
				INFOPLIST_FILE = IdeaBox/Info.plist;
				INFOPLIST_KEY_UIApplicationSceneManifest_Generation = YES;
				INFOPLIST_KEY_UIApplicationSupportsIndirectInputEvents = YES;
				INFOPLIST_KEY_UILaunchScreen_Generation = YES;
				INFOPLIST_KEY_UISupportedInterfaceOrientations = UIInterfaceOrientationPortrait;
				INFOPLIST_KEY_UISupportedInterfaceOrientations_iPad = "UIInterfaceOrientationPortrait UIInterfaceOrientationPortraitUpsideDown UIInterfaceOrientationLandscapeLeft UIInterfaceOrientationLandscapeRight";
				IPHONEOS_DEPLOYMENT_TARGET = 26.0;
				LD_RUNPATH_SEARCH_PATHS = (
					"$(inherited)",
					"@executable_path/Frameworks",
				);
				MARKETING_VERSION = 1.0;
				PRODUCT_BUNDLE_IDENTIFIER = com.ideabox.app;
				PRODUCT_NAME = "收藏日历";
				SWIFT_EMIT_LOC_STRINGS = YES;
				SWIFT_VERSION = 5.9;
				TARGETED_DEVICE_FAMILY = "1,2";
			};
			name = Release;
		};
/* End XCBuildConfiguration section */

/* Begin XCConfigurationList section */
		A1000110000000000000001 /* Build configuration list for PBXNativeTarget "IdeaBox" */ = {
			isa = XCConfigurationList;
			buildConfigurations = (
				A1000180000000000000001 /* Debug */,
				A1000190000000000000001 /* Release */,
			);
			defaultConfigurationIsVisible = 0;
			defaultConfigurationName = Release;
		};
		A1000150000000000000001 /* Build configuration list for PBXProject "IdeaBox" */ = {
			isa = XCConfigurationList;
			buildConfigurations = (
				A1000160000000000000001 /* Debug */,
				A1000170000000000000001 /* Release */,
			);
			defaultConfigurationIsVisible = 0;
			defaultConfigurationName = Release;
		};
/* End XCConfigurationList section */
	};
	rootObject = A1000140000000000000001 /* Project object */;
}
